
Microsoft Visual Studio Solution File, Format Version 12.00
# Visual Studio 2013
VisualStudioVersion = 12.0.21005.1
MinimumVisualStudioVersion = 10.0.40219.1
Project("{FAE04EC0-301F-11D3-BF4B-00C04F79EFBC}") = "WindowsFormsApplication10", "WindowsFormsApplication10\WindowsFormsApplication10.csproj", "{A0469CBE-CD74-4744-84DC-C343C996BEAA}"
EndProject
Global
	GlobalSection(SolutionConfigurationPlatforms) = preSolution
		Debug|Any CPU = Debug|Any CPU
		Release|Any CPU = Release|Any CPU
	EndGlobalSection
	GlobalSection(ProjectConfigurationPlatforms) = postSolution
		{A0469CBE-CD74-4744-84DC-C343C996BEAA}.Debug|Any CPU.ActiveCfg = Debug|Any CPU
		{A0469CBE-CD74-4744-84DC-C343C996BEAA}.Debug|Any CPU.Build.0 = Debug|Any CPU
		{A0469CBE-CD74-4744-84DC-C343C996BEAA}.Release|Any CPU.ActiveCfg = Release|Any CPU
		{A0469CBE-CD74-4744-84DC-C343C996BEAA}.Release|Any CPU.Build.0 = Release|Any CPU
	EndGlobalSection
	GlobalSection(SolutionProperties) = preSolution
		HideSolutionNode = FALSE
	EndGlobalSection
EndGlobal
